
Microsoft Visual Studio Solution File, Format Version 12.00
# Visual Studio Version 16
VisualStudioVersion = 16.0.28917.182
MinimumVisualStudioVersion = 10.0.40219.1
Project("{FAE04EC0-301F-11D3-BF4B-00C04F79EFBC}") = "BlazorClient.Server", "BlazorClient.Server\BlazorClient.Server.csproj", "{9B2FCB95-CA34-473F-B4FA-69DFF80D8322}"
EndProject
Project("{FAE04EC0-301F-11D3-BF4B-00C04F79EFBC}") = "BlazorClient.Client", "BlazorClient.Client\BlazorClient.Client.csproj", "{F427B232-B7AE-4B66-BB78-372D864C7ACF}"
EndProject
Project("{FAE04EC0-301F-11D3-BF4B-00C04F79EFBC}") = "BlazorClient.Shared", "BlazorClient.Shared\BlazorClient.Shared.csproj", "{FDF247B4-2430-4CB5-9F48-E6801EE73D87}"
EndProject
Global
	GlobalSection(SolutionConfigurationPlatforms) = preSolution
		Debug|Any CPU = Debug|Any CPU
		Release|Any CPU = Release|Any CPU
	EndGlobalSection
	GlobalSection(ProjectConfigurationPlatforms) = postSolution
		{9B2FCB95-CA34-473F-B4FA-69DFF80D8322}.Debug|Any CPU.ActiveCfg = Debug|Any CPU
		{9B2FCB95-CA34-473F-B4FA-69DFF80D8322}.Debug|Any CPU.Build.0 = Debug|Any CPU
		{9B2FCB95-CA34-473F-B4FA-69DFF80D8322}.Release|Any CPU.ActiveCfg = Release|Any CPU
		{9B2FCB95-CA34-473F-B4FA-69DFF80D8322}.Release|Any CPU.Build.0 = Release|Any CPU
		{F427B232-B7AE-4B66-BB78-372D864C7ACF}.Debug|Any CPU.ActiveCfg = Debug|Any CPU
		{F427B232-B7AE-4B66-BB78-372D864C7ACF}.Debug|Any CPU.Build.0 = Debug|Any CPU
		{F427B232-B7AE-4B66-BB78-372D864C7ACF}.Release|Any CPU.ActiveCfg = Release|Any CPU
		{F427B232-B7AE-4B66-BB78-372D864C7ACF}.Release|Any CPU.Build.0 = Release|Any CPU
		{FDF247B4-2430-4CB5-9F48-E6801EE73D87}.Debug|Any CPU.ActiveCfg = Debug|Any CPU
		{FDF247B4-2430-4CB5-9F48-E6801EE73D87}.Debug|Any CPU.Build.0 = Debug|Any CPU
		{FDF247B4-2430-4CB5-9F48-E6801EE73D87}.Release|Any CPU.ActiveCfg = Release|Any CPU
		{FDF247B4-2430-4CB5-9F48-E6801EE73D87}.Release|Any CPU.Build.0 = Release|Any CPU
	EndGlobalSection
	GlobalSection(SolutionProperties) = preSolution
		HideSolutionNode = FALSE
	EndGlobalSection
	GlobalSection(ExtensibilityGlobals) = postSolution
		SolutionGuid = {D7E74CEC-B0C3-4B44-A6C5-5046099A5D06}
	EndGlobalSection
EndGlobal
